// !$*UTF8*$!
{
	archiveVersion = 1;
	classes = {
	};
	objectVersion = 56;
	objects = {

/* Begin PBXBuildFile section */
		8C65E1782B95289D00FA69B3 /* ProfileView.swift in Sources */ = {isa = PBXBuildFile; fileRef = 8C65E1772B95289D00FA69B3 /* ProfileView.swift */; };
		8C65E17A2B952ABB00FA69B3 /* ProfileOptionRowView.swift in Sources */ = {isa = PBXBuildFile; fileRef = 8C65E1792B952ABB00FA69B3 /* ProfileOptionRowView.swift */; };
		8C65E17C2B952BC300FA69B3 /* WishlistView.swift in Sources */ = {isa = PBXBuildFile; fileRef = 8C65E17B2B952BC300FA69B3 /* WishlistView.swift */; };
		8C65E17E2B95674000FA69B3 /* MainTabView.swift in Sources */ = {isa = PBXBuildFile; fileRef = 8C65E17D2B95674000FA69B3 /* MainTabView.swift */; };
		8C65E1822B966EC900FA69B3 /* Listing.swift in Sources */ = {isa = PBXBuildFile; fileRef = 8C65E1812B966EC900FA69B3 /* Listing.swift */; };
		8C67BA342B8A29D20073A457 /* bnbApp.swift in Sources */ = {isa = PBXBuildFile; fileRef = 8C67BA332B8A29D20073A457 /* bnbApp.swift */; };
		8C67BA362B8A29D20073A457 /* ContentView.swift in Sources */ = {isa = PBXBuildFile; fileRef = 8C67BA352B8A29D20073A457 /* ContentView.swift */; };
		8C67BA382B8A29D30073A457 /* Assets.xcassets in Resources */ = {isa = PBXBuildFile; fileRef = 8C67BA372B8A29D30073A457 /* Assets.xcassets */; };
		8C67BA3B2B8A29D30073A457 /* Preview Assets.xcassets in Resources */ = {isa = PBXBuildFile; fileRef = 8C67BA3A2B8A29D30073A457 /* Preview Assets.xcassets */; };
		8C67BA512B8A2CCD0073A457 /* ExploreView.swift in Sources */ = {isa = PBXBuildFile; fileRef = 8C67BA502B8A2CCD0073A457 /* ExploreView.swift */; };
		8C67BA532B8A2D8C0073A457 /* ListingItemView.swift in Sources */ = {isa = PBXBuildFile; fileRef = 8C67BA522B8A2D8C0073A457 /* ListingItemView.swift */; };
		8C67BA552B8A78870073A457 /* SearchAndFilterBar.swift in Sources */ = {isa = PBXBuildFile; fileRef = 8C67BA542B8A78870073A457 /* SearchAndFilterBar.swift */; };
		8C67BA962B8AA9100073A457 /* ListingDetailView.swift in Sources */ = {isa = PBXBuildFile; fileRef = 8C67BA952B8AA9100073A457 /* ListingDetailView.swift */; };
		8C67BA992B8AA9D20073A457 /* ListingImageCarouselView.swift in Sources */ = {isa = PBXBuildFile; fileRef = 8C67BA982B8AA9D20073A457 /* ListingImageCarouselView.swift */; };
		8C67BA9B2B8AABEA0073A457 /* RatingView.swift in Sources */ = {isa = PBXBuildFile; fileRef = 8C67BA9A2B8AABEA0073A457 /* RatingView.swift */; };
		8C67BAA42B8BE7750073A457 /* DestinationSearchView.swift in Sources */ = {isa = PBXBuildFile; fileRef = 8C67BAA32B8BE7750073A457 /* DestinationSearchView.swift */; };
/* End PBXBuildFile section */

/* Begin PBXFileReference section */
		8C65E1772B95289D00FA69B3 /* ProfileView.swift */ = {isa = PBXFileReference; lastKnownFileType = sourcecode.swift; path = ProfileView.swift; sourceTree = "<group>"; };
		8C65E1792B952ABB00FA69B3 /* ProfileOptionRowView.swift */ = {isa = PBXFileReference; lastKnownFileType = sourcecode.swift; path = ProfileOptionRowView.swift; sourceTree = "<group>"; };
		8C65E17B2B952BC300FA69B3 /* WishlistView.swift */ = {isa = PBXFileReference; lastKnownFileType = sourcecode.swift; path = WishlistView.swift; sourceTree = "<group>"; };
		8C65E17D2B95674000FA69B3 /* MainTabView.swift */ = {isa = PBXFileReference; lastKnownFileType = sourcecode.swift; path = MainTabView.swift; sourceTree = "<group>"; };
		8C65E1812B966EC900FA69B3 /* Listing.swift */ = {isa = PBXFileReference; lastKnownFileType = sourcecode.swift; path = Listing.swift; sourceTree = "<group>"; };
		8C67BA302B8A29D20073A457 /* bnb.app */ = {isa = PBXFileReference; explicitFileType = wrapper.application; includeInIndex = 0; path = bnb.app; sourceTree = BUILT_PRODUCTS_DIR; };
		8C67BA332B8A29D20073A457 /* bnbApp.swift */ = {isa = PBXFileReference; lastKnownFileType = sourcecode.swift; path = bnbApp.swift; sourceTree = "<group>"; };
		8C67BA352B8A29D20073A457 /* ContentView.swift */ = {isa = PBXFileReference; lastKnownFileType = sourcecode.swift; path = ContentView.swift; sourceTree = "<group>"; };
		8C67BA372B8A29D30073A457 /* Assets.xcassets */ = {isa = PBXFileReference; lastKnownFileType = folder.assetcatalog; path = Assets.xcassets; sourceTree = "<group>"; };
		8C67BA3A2B8A29D30073A457 /* Preview Assets.xcassets */ = {isa = PBXFileReference; lastKnownFileType = folder.assetcatalog; path = "Preview Assets.xcassets"; sourceTree = "<group>"; };
		8C67BA502B8A2CCD0073A457 /* ExploreView.swift */ = {isa = PBXFileReference; lastKnownFileType = sourcecode.swift; path = ExploreView.swift; sourceTree = "<group>"; };
		8C67BA522B8A2D8C0073A457 /* ListingItemView.swift */ = {isa = PBXFileReference; lastKnownFileType = sourcecode.swift; path = ListingItemView.swift; sourceTree = "<group>"; };
		8C67BA542B8A78870073A457 /* SearchAndFilterBar.swift */ = {isa = PBXFileReference; lastKnownFileType = sourcecode.swift; path = SearchAndFilterBar.swift; sourceTree = "<group>"; };
		8C67BA952B8AA9100073A457 /* ListingDetailView.swift */ = {isa = PBXFileReference; lastKnownFileType = sourcecode.swift; path = ListingDetailView.swift; sourceTree = "<group>"; };
		8C67BA982B8AA9D20073A457 /* ListingImageCarouselView.swift */ = {isa = PBXFileReference; lastKnownFileType = sourcecode.swift; path = ListingImageCarouselView.swift; sourceTree = "<group>"; };
		8C67BA9A2B8AABEA0073A457 /* RatingView.swift */ = {isa = PBXFileReference; lastKnownFileType = sourcecode.swift; path = RatingView.swift; sourceTree = "<group>"; };
		8C67BAA32B8BE7750073A457 /* DestinationSearchView.swift */ = {isa = PBXFileReference; lastKnownFileType = sourcecode.swift; path = DestinationSearchView.swift; sourceTree = "<group>"; };
/* End PBXFileReference section */

/* Begin PBXFrameworksBuildPhase section */
		8C67BA2D2B8A29D20073A457 /* Frameworks */ = {
			isa = PBXFrameworksBuildPhase;
			buildActionMask = 2147483647;
			files = (
			);
			runOnlyForDeploymentPostprocessing = 0;
		};
/* End PBXFrameworksBuildPhase section */

/* Begin PBXGroup section */
		8C65E17F2B966E7700FA69B3 /* Model */ = {
			isa = PBXGroup;
			children = (
				8C65E1812B966EC900FA69B3 /* Listing.swift */,
			);
			path = Model;
			sourceTree = "<group>";
		};
		8C65E1802B966E8300FA69B3 /* View */ = {
			isa = PBXGroup;
			children = (
				8C67BA522B8A2D8C0073A457 /* ListingItemView.swift */,
				8C67BA952B8AA9100073A457 /* ListingDetailView.swift */,
				8C67BA9A2B8AABEA0073A457 /* RatingView.swift */,
			);
			path = View;
			sourceTree = "<group>";
		};
		8C67BA272B8A29D20073A457 = {
			isa = PBXGroup;
			children = (
				8C67BA322B8A29D20073A457 /* bnb */,
				8C67BA312B8A29D20073A457 /* Products */,
			);
			sourceTree = "<group>";
		};
		8C67BA312B8A29D20073A457 /* Products */ = {
			isa = PBXGroup;
			children = (
				8C67BA302B8A29D20073A457 /* bnb.app */,
			);
			name = Products;
			sourceTree = "<group>";
		};
		8C67BA322B8A29D20073A457 /* bnb */ = {
			isa = PBXGroup;
			children = (
				8C67BA412B8A29E60073A457 /* App */,
				8C67BA422B8A29F60073A457 /* Core */,
				8C67BA462B8A2AAB0073A457 /* Extensions */,
				8C67BA452B8A2AA70073A457 /* Models */,
				8C67BA472B8A2B050073A457 /* Utilities */,
				8C67BA352B8A29D20073A457 /* ContentView.swift */,
				8C67BA372B8A29D30073A457 /* Assets.xcassets */,
				8C67BA392B8A29D30073A457 /* Preview Content */,
			);
			path = bnb;
			sourceTree = "<group>";
		};
		8C67BA392B8A29D30073A457 /* Preview Content */ = {
			isa = PBXGroup;
			children = (
				8C67BA3A2B8A29D30073A457 /* Preview Assets.xcassets */,
			);
			path = "Preview Content";
			sourceTree = "<group>";
		};
		8C67BA412B8A29E60073A457 /* App */ = {
			isa = PBXGroup;
			children = (
				8C67BA332B8A29D20073A457 /* bnbApp.swift */,
			);
			path = App;
			sourceTree = "<group>";
		};
		8C67BA422B8A29F60073A457 /* Core */ = {
			isa = PBXGroup;
			children = (
				8C67BA972B8AA9B70073A457 /* Components */,
				8C67BA492B8A2B360073A457 /* Explore */,
				8C67BA4A2B8A2B3F0073A457 /* Listings */,
				8C67BA4B2B8A2B4B0073A457 /* MapView */,
				8C67BA4C2B8A2B5D0073A457 /* Profile */,
				8C67BA4D2B8A2B660073A457 /* Root */,
				8C67BA4E2B8A2B720073A457 /* TabBar */,
				8C67BA4F2B8A2B7F0073A457 /* Wishlists */,
			);
			path = Core;
			sourceTree = "<group>";
		};
		8C67BA452B8A2AA70073A457 /* Models */ = {
			isa = PBXGroup;
			children = (
			);
			path = Models;
			sourceTree = "<group>";
		};
		8C67BA462B8A2AAB0073A457 /* Extensions */ = {
			isa = PBXGroup;
			children = (
			);
			name = Extensions;
			path = Core/Extensions;
			sourceTree = "<group>";
		};
		8C67BA472B8A2B050073A457 /* Utilities */ = {
			isa = PBXGroup;
			children = (
			);
			path = Utilities;
			sourceTree = "<group>";
		};
		8C67BA492B8A2B360073A457 /* Explore */ = {
			isa = PBXGroup;
			children = (
				8C67BA502B8A2CCD0073A457 /* ExploreView.swift */,
				8C67BAA32B8BE7750073A457 /* DestinationSearchView.swift */,
				8C67BA542B8A78870073A457 /* SearchAndFilterBar.swift */,
			);
			path = Explore;
			sourceTree = "<group>";
		};
		8C67BA4A2B8A2B3F0073A457 /* Listings */ = {
			isa = PBXGroup;
			children = (
				8C65E1802B966E8300FA69B3 /* View */,
				8C65E17F2B966E7700FA69B3 /* Model */,
			);
			path = Listings;
			sourceTree = "<group>";
		};
		8C67BA4B2B8A2B4B0073A457 /* MapView */ = {
			isa = PBXGroup;
			children = (
			);
			path = MapView;
			sourceTree = "<group>";
		};
		8C67BA4C2B8A2B5D0073A457 /* Profile */ = {
			isa = PBXGroup;
			children = (
				8C65E1772B95289D00FA69B3 /* ProfileView.swift */,
				8C65E1792B952ABB00FA69B3 /* ProfileOptionRowView.swift */,
			);
			path = Profile;
			sourceTree = "<group>";
		};
		8C67BA4D2B8A2B660073A457 /* Root */ = {
			isa = PBXGroup;
			children = (
			);
			path = Root;
			sourceTree = "<group>";
		};
		8C67BA4E2B8A2B720073A457 /* TabBar */ = {
			isa = PBXGroup;
			children = (
				8C65E17D2B95674000FA69B3 /* MainTabView.swift */,
			);
			path = TabBar;
			sourceTree = "<group>";
		};
		8C67BA4F2B8A2B7F0073A457 /* Wishlists */ = {
			isa = PBXGroup;
			children = (
				8C65E17B2B952BC300FA69B3 /* WishlistView.swift */,
			);
			path = Wishlists;
			sourceTree = "<group>";
		};
		8C67BA972B8AA9B70073A457 /* Components */ = {
			isa = PBXGroup;
			children = (
				8C67BA982B8AA9D20073A457 /* ListingImageCarouselView.swift */,
			);
			path = Components;
			sourceTree = "<group>";
		};
/* End PBXGroup section */

/* Begin PBXNativeTarget section */
		8C67BA2F2B8A29D20073A457 /* bnb */ = {
			isa = PBXNativeTarget;
			buildConfigurationList = 8C67BA3E2B8A29D30073A457 /* Build configuration list for PBXNativeTarget "bnb" */;
			buildPhases = (
				8C67BA2C2B8A29D20073A457 /* Sources */,
				8C67BA2D2B8A29D20073A457 /* Frameworks */,
				8C67BA2E2B8A29D20073A457 /* Resources */,
			);
			buildRules = (
			);
			dependencies = (
			);
			name = bnb;
			productName = bnb;
			productReference = 8C67BA302B8A29D20073A457 /* bnb.app */;
			productType = "com.apple.product-type.application";
		};
/* End PBXNativeTarget section */

/* Begin PBXProject section */
		8C67BA282B8A29D20073A457 /* Project object */ = {
			isa = PBXProject;
			attributes = {
				BuildIndependentTargetsInParallel = 1;
				LastSwiftUpdateCheck = 1520;
				LastUpgradeCheck = 1520;
				TargetAttributes = {
					8C67BA2F2B8A29D20073A457 = {
						CreatedOnToolsVersion = 15.2;
					};
				};
			};
			buildConfigurationList = 8C67BA2B2B8A29D20073A457 /* Build configuration list for PBXProject "bnb" */;
			compatibilityVersion = "Xcode 14.0";
			developmentRegion = en;
			hasScannedForEncodings = 0;
			knownRegions = (
				en,
				Base,
			);
			mainGroup = 8C67BA272B8A29D20073A457;
			productRefGroup = 8C67BA312B8A29D20073A457 /* Products */;
			projectDirPath = "";
			projectRoot = "";
			targets = (
				8C67BA2F2B8A29D20073A457 /* bnb */,
			);
		};
/* End PBXProject section */

/* Begin PBXResourcesBuildPhase section */
		8C67BA2E2B8A29D20073A457 /* Resources */ = {
			isa = PBXResourcesBuildPhase;
			buildActionMask = 2147483647;
			files = (
				8C67BA3B2B8A29D30073A457 /* Preview Assets.xcassets in Resources */,
				8C67BA382B8A29D30073A457 /* Assets.xcassets in Resources */,
			);
			runOnlyForDeploymentPostprocessing = 0;
		};
/* End PBXResourcesBuildPhase section */

/* Begin PBXSourcesBuildPhase section */
		8C67BA2C2B8A29D20073A457 /* Sources */ = {
			isa = PBXSourcesBuildPhase;
			buildActionMask = 2147483647;
			files = (
				8C67BA532B8A2D8C0073A457 /* ListingItemView.swift in Sources */,
				8C65E17A2B952ABB00FA69B3 /* ProfileOptionRowView.swift in Sources */,
				8C67BA362B8A29D20073A457 /* ContentView.swift in Sources */,
				8C65E1782B95289D00FA69B3 /* ProfileView.swift in Sources */,
				8C67BA512B8A2CCD0073A457 /* ExploreView.swift in Sources */,
				8C67BA9B2B8AABEA0073A457 /* RatingView.swift in Sources */,
				8C67BA552B8A78870073A457 /* SearchAndFilterBar.swift in Sources */,
				8C65E17E2B95674000FA69B3 /* MainTabView.swift in Sources */,
				8C65E1822B966EC900FA69B3 /* Listing.swift in Sources */,
				8C65E17C2B952BC300FA69B3 /* WishlistView.swift in Sources */,
				8C67BAA42B8BE7750073A457 /* DestinationSearchView.swift in Sources */,
				8C67BA962B8AA9100073A457 /* ListingDetailView.swift in Sources */,
				8C67BA992B8AA9D20073A457 /* ListingImageCarouselView.swift in Sources */,
				8C67BA342B8A29D20073A457 /* bnbApp.swift in Sources */,
			);
			runOnlyForDeploymentPostprocessing = 0;
		};
/* End PBXSourcesBuildPhase section */

/* Begin XCBuildConfiguration section */
		8C67BA3C2B8A29D30073A457 /* Debug */ = {
			isa = XCBuildConfiguration;
			buildSettings = {
				ALWAYS_SEARCH_USER_PATHS = NO;
				ASSETCATALOG_COMPILER_GENERATE_SWIFT_ASSET_SYMBOL_EXTENSIONS = YES;
				CLANG_ANALYZER_NONNULL = YES;
				CLANG_ANALYZER_NUMBER_OBJECT_CONVERSION = YES_AGGRESSIVE;
				CLANG_CXX_LANGUAGE_STANDARD = "gnu++20";
				CLANG_ENABLE_MODULES = YES;
				CLANG_ENABLE_OBJC_ARC = YES;
				CLANG_ENABLE_OBJC_WEAK = YES;
				CLANG_WARN_BLOCK_CAPTURE_AUTORELEASING = YES;
				CLANG_WARN_BOOL_CONVERSION = YES;
				CLANG_WARN_COMMA = YES;
				CLANG_WARN_CONSTANT_CONVERSION = YES;
				CLANG_WARN_DEPRECATED_OBJC_IMPLEMENTATIONS = YES;
				CLANG_WARN_DIRECT_OBJC_ISA_USAGE = YES_ERROR;
				CLANG_WARN_DOCUMENTATION_COMMENTS = YES;
				CLANG_WARN_EMPTY_BODY = YES;
				CLANG_WARN_ENUM_CONVERSION = YES;
				CLANG_WARN_INFINITE_RECURSION = YES;
				CLANG_WARN_INT_CONVERSION = YES;
				CLANG_WARN_NON_LITERAL_NULL_CONVERSION = YES;
				CLANG_WARN_OBJC_IMPLICIT_RETAIN_SELF = YES;
				CLANG_WARN_OBJC_LITERAL_CONVERSION = YES;
				CLANG_WARN_OBJC_ROOT_CLASS = YES_ERROR;
				CLANG_WARN_QUOTED_INCLUDE_IN_FRAMEWORK_HEADER = YES;
				CLANG_WARN_RANGE_LOOP_ANALYSIS = YES;
				CLANG_WARN_STRICT_PROTOTYPES = YES;
				CLANG_WARN_SUSPICIOUS_MOVE = YES;
				CLANG_WARN_UNGUARDED_AVAILABILITY = YES_AGGRESSIVE;
				CLANG_WARN_UNREACHABLE_CODE = YES;
				CLANG_WARN__DUPLICATE_METHOD_MATCH = YES;
				COPY_PHASE_STRIP = NO;
				DEBUG_INFORMATION_FORMAT = dwarf;
				ENABLE_STRICT_OBJC_MSGSEND = YES;
				ENABLE_TESTABILITY = YES;
				ENABLE_USER_SCRIPT_SANDBOXING = YES;
				GCC_C_LANGUAGE_STANDARD = gnu17;
				GCC_DYNAMIC_NO_PIC = NO;
				GCC_NO_COMMON_BLOCKS = YES;
				GCC_OPTIMIZATION_LEVEL = 0;
				GCC_PREPROCESSOR_DEFINITIONS = (
					"DEBUG=1",
					"$(inherited)",
				);
				GCC_WARN_64_TO_32_BIT_CONVERSION = YES;
				GCC_WARN_ABOUT_RETURN_TYPE = YES_ERROR;
				GCC_WARN_UNDECLARED_SELECTOR = YES;
				GCC_WARN_UNINITIALIZED_AUTOS = YES_AGGRESSIVE;
				GCC_WARN_UNUSED_FUNCTION = YES;
				GCC_WARN_UNUSED_VARIABLE = YES;
				IPHONEOS_DEPLOYMENT_TARGET = 17.2;
				LOCALIZATION_PREFERS_STRING_CATALOGS = YES;
				MTL_ENABLE_DEBUG_INFO = INCLUDE_SOURCE;
				MTL_FAST_MATH = YES;
				ONLY_ACTIVE_ARCH = YES;
				SDKROOT = iphoneos;
				SWIFT_ACTIVE_COMPILATION_CONDITIONS = "DEBUG $(inherited)";
				SWIFT_OPTIMIZATION_LEVEL = "-Onone";
			};
			name = Debug;
		};
		8C67BA3D2B8A29D30073A457 /* Release */ = {
			isa = XCBuildConfiguration;
			buildSettings = {
				ALWAYS_SEARCH_USER_PATHS = NO;
				ASSETCATALOG_COMPILER_GENERATE_SWIFT_ASSET_SYMBOL_EXTENSIONS = YES;
				CLANG_ANALYZER_NONNULL = YES;
				CLANG_ANALYZER_NUMBER_OBJECT_CONVERSION = YES_AGGRESSIVE;
				CLANG_CXX_LANGUAGE_STANDARD = "gnu++20";
				CLANG_ENABLE_MODULES = YES;
				CLANG_ENABLE_OBJC_ARC = YES;
				CLANG_ENABLE_OBJC_WEAK = YES;
				CLANG_WARN_BLOCK_CAPTURE_AUTORELEASING = YES;
				CLANG_WARN_BOOL_CONVERSION = YES;
				CLANG_WARN_COMMA = YES;
				CLANG_WARN_CONSTANT_CONVERSION = YES;
				CLANG_WARN_DEPRECATED_OBJC_IMPLEMENTATIONS = YES;
				CLANG_WARN_DIRECT_OBJC_ISA_USAGE = YES_ERROR;
				CLANG_WARN_DOCUMENTATION_COMMENTS = YES;
				CLANG_WARN_EMPTY_BODY = YES;
				CLANG_WARN_ENUM_CONVERSION = YES;
				CLANG_WARN_INFINITE_RECURSION = YES;
				CLANG_WARN_INT_CONVERSION = YES;
				CLANG_WARN_NON_LITERAL_NULL_CONVERSION = YES;
				CLANG_WARN_OBJC_IMPLICIT_RETAIN_SELF = YES;
				CLANG_WARN_OBJC_LITERAL_CONVERSION = YES;
				CLANG_WARN_OBJC_ROOT_CLASS = YES_ERROR;
				CLANG_WARN_QUOTED_INCLUDE_IN_FRAMEWORK_HEADER = YES;
				CLANG_WARN_RANGE_LOOP_ANALYSIS = YES;
				CLANG_WARN_STRICT_PROTOTYPES = YES;
				CLANG_WARN_SUSPICIOUS_MOVE = YES;
				CLANG_WARN_UNGUARDED_AVAILABILITY = YES_AGGRESSIVE;
				CLANG_WARN_UNREACHABLE_CODE = YES;
				CLANG_WARN__DUPLICATE_METHOD_MATCH = YES;
				COPY_PHASE_STRIP = NO;
				DEBUG_INFORMATION_FORMAT = "dwarf-with-dsym";
				ENABLE_NS_ASSERTIONS = NO;
				ENABLE_STRICT_OBJC_MSGSEND = YES;
				ENABLE_USER_SCRIPT_SANDBOXING = YES;
				GCC_C_LANGUAGE_STANDARD = gnu17;
				GCC_NO_COMMON_BLOCKS = YES;
				GCC_WARN_64_TO_32_BIT_CONVERSION = YES;
				GCC_WARN_ABOUT_RETURN_TYPE = YES_ERROR;
				GCC_WARN_UNDECLARED_SELECTOR = YES;
				GCC_WARN_UNINITIALIZED_AUTOS = YES_AGGRESSIVE;
				GCC_WARN_UNUSED_FUNCTION = YES;
				GCC_WARN_UNUSED_VARIABLE = YES;
				IPHONEOS_DEPLOYMENT_TARGET = 17.2;
				LOCALIZATION_PREFERS_STRING_CATALOGS = YES;
				MTL_ENABLE_DEBUG_INFO = NO;
				MTL_FAST_MATH = YES;
				SDKROOT = iphoneos;
				SWIFT_COMPILATION_MODE = wholemodule;
				VALIDATE_PRODUCT = YES;
			};
			name = Release;
		};
		8C67BA3F2B8A29D30073A457 /* Debug */ = {
			isa = XCBuildConfiguration;
			buildSettings = {
				ASSETCATALOG_COMPILER_APPICON_NAME = AppIcon;
				ASSETCATALOG_COMPILER_GLOBAL_ACCENT_COLOR_NAME = AccentColor;
				CODE_SIGN_STYLE = Automatic;
				CURRENT_PROJECT_VERSION = 1;
				DEVELOPMENT_ASSET_PATHS = "\"bnb/Preview Content\"";
				DEVELOPMENT_TEAM = YPKQSVMDVP;
				ENABLE_PREVIEWS = YES;
				GENERATE_INFOPLIST_FILE = YES;
				INFOPLIST_KEY_UIApplicationSceneManifest_Generation = YES;
				INFOPLIST_KEY_UIApplicationSupportsIndirectInputEvents = YES;
				INFOPLIST_KEY_UILaunchScreen_Generation = YES;
				INFOPLIST_KEY_UISupportedInterfaceOrientations_iPad = "UIInterfaceOrientationPortrait UIInterfaceOrientationPortraitUpsideDown UIInterfaceOrientationLandscapeLeft UIInterfaceOrientationLandscapeRight";
				INFOPLIST_KEY_UISupportedInterfaceOrientations_iPhone = "UIInterfaceOrientationPortrait UIInterfaceOrientationLandscapeLeft UIInterfaceOrientationLandscapeRight";
				LD_RUNPATH_SEARCH_PATHS = (
					"$(inherited)",
					"@executable_path/Frameworks",
				);
				MARKETING_VERSION = 1.0;
				PRODUCT_BUNDLE_IDENTIFIER = com.bryson.rob.bnb;
				PRODUCT_NAME = "$(TARGET_NAME)";
				SWIFT_EMIT_LOC_STRINGS = YES;
				SWIFT_VERSION = 5.0;
				TARGETED_DEVICE_FAMILY = "1,2";
			};
			name = Debug;
		};
		8C67BA402B8A29D30073A457 /* Release */ = {
			isa = XCBuildConfiguration;
			buildSettings = {
				ASSETCATALOG_COMPILER_APPICON_NAME = AppIcon;
				ASSETCATALOG_COMPILER_GLOBAL_ACCENT_COLOR_NAME = AccentColor;
				CODE_SIGN_STYLE = Automatic;
				CURRENT_PROJECT_VERSION = 1;
				DEVELOPMENT_ASSET_PATHS = "\"bnb/Preview Content\"";
				DEVELOPMENT_TEAM = YPKQSVMDVP;
				ENABLE_PREVIEWS = YES;
				GENERATE_INFOPLIST_FILE = YES;
				INFOPLIST_KEY_UIApplicationSceneManifest_Generation = YES;
				INFOPLIST_KEY_UIApplicationSupportsIndirectInputEvents = YES;
				INFOPLIST_KEY_UILaunchScreen_Generation = YES;
				INFOPLIST_KEY_UISupportedInterfaceOrientations_iPad = "UIInterfaceOrientationPortrait UIInterfaceOrientationPortraitUpsideDown UIInterfaceOrientationLandscapeLeft UIInterfaceOrientationLandscapeRight";
				INFOPLIST_KEY_UISupportedInterfaceOrientations_iPhone = "UIInterfaceOrientationPortrait UIInterfaceOrientationLandscapeLeft UIInterfaceOrientationLandscapeRight";
				LD_RUNPATH_SEARCH_PATHS = (
					"$(inherited)",
					"@executable_path/Frameworks",
				);
				MARKETING_VERSION = 1.0;
				PRODUCT_BUNDLE_IDENTIFIER = com.bryson.rob.bnb;
				PRODUCT_NAME = "$(TARGET_NAME)";
				SWIFT_EMIT_LOC_STRINGS = YES;
				SWIFT_VERSION = 5.0;
				TARGETED_DEVICE_FAMILY = "1,2";
			};
			name = Release;
		};
/* End XCBuildConfiguration section */

/* Begin XCConfigurationList section */
		8C67BA2B2B8A29D20073A457 /* Build configuration list for PBXProject "bnb" */ = {
			isa = XCConfigurationList;
			buildConfigurations = (
				8C67BA3C2B8A29D30073A457 /* Debug */,
				8C67BA3D2B8A29D30073A457 /* Release */,
			);
			defaultConfigurationIsVisible = 0;
			defaultConfigurationName = Release;
		};
		8C67BA3E2B8A29D30073A457 /* Build configuration list for PBXNativeTarget "bnb" */ = {
			isa = XCConfigurationList;
			buildConfigurations = (
				8C67BA3F2B8A29D30073A457 /* Debug */,
				8C67BA402B8A29D30073A457 /* Release */,
			);
			defaultConfigurationIsVisible = 0;
			defaultConfigurationName = Release;
		};
/* End XCConfigurationList section */
	};
	rootObject = 8C67BA282B8A29D20073A457 /* Project object */;
}
